
Microsoft Visual Studio Solution File, Format Version 12.00
# Visual Studio Version 16
VisualStudioVersion = 16.0.29411.108
MinimumVisualStudioVersion = 10.0.40219.1
Project("{9A19103F-16F7-4668-BE54-9A1E7A4F7556}") = "PimpMyRide.Domain", "PimpMyRide.Domain\PimpMyRide.Domain.csproj", "{B63C9E88-CD88-4363-819A-3381869A2D84}"
EndProject
Project("{9A19103F-16F7-4668-BE54-9A1E7A4F7556}") = "PimpMyRide.ConsoleApp", "PimpMyRide.ConsoleApp\PimpMyRide.ConsoleApp.csproj", "{500BEB42-2D60-414C-90B1-B0F7C2B2CF83}"
EndProject
Project("{9A19103F-16F7-4668-BE54-9A1E7A4F7556}") = "PimpMyRide.WindowsFormsApp", "PimpMyRide.WindowsFormsApp\PimpMyRide.WindowsFormsApp.csproj", "{07CE4CDA-7ECD-407C-BF07-39EC2BA8CBA3}"
EndProject
Project("{9A19103F-16F7-4668-BE54-9A1E7A4F7556}") = "PimpMyRide.ServerApp", "PimpMyRide.ServerApp\PimpMyRide.ServerApp.csproj", "{956A9466-9AB9-4D23-9642-B56B60D8F221}"
EndProject
Project("{FAE04EC0-301F-11D3-BF4B-00C04F79EFBC}") = "ClientApp", "ClientApp\ClientApp.csproj", "{65A25277-F883-4C97-926E-AD931A4850F8}"
EndProject
Global
	GlobalSection(SolutionConfigurationPlatforms) = preSolution
		Debug|Any CPU = Debug|Any CPU
		Release|Any CPU = Release|Any CPU
	EndGlobalSection
	GlobalSection(ProjectConfigurationPlatforms) = postSolution
		{B63C9E88-CD88-4363-819A-3381869A2D84}.Debug|Any CPU.ActiveCfg = Debug|Any CPU
		{B63C9E88-CD88-4363-819A-3381869A2D84}.Debug|Any CPU.Build.0 = Debug|Any CPU
		{B63C9E88-CD88-4363-819A-3381869A2D84}.Release|Any CPU.ActiveCfg = Release|Any CPU
		{B63C9E88-CD88-4363-819A-3381869A2D84}.Release|Any CPU.Build.0 = Release|Any CPU
		{500BEB42-2D60-414C-90B1-B0F7C2B2CF83}.Debug|Any CPU.ActiveCfg = Debug|Any CPU
		{500BEB42-2D60-414C-90B1-B0F7C2B2CF83}.Debug|Any CPU.Build.0 = Debug|Any CPU
		{500BEB42-2D60-414C-90B1-B0F7C2B2CF83}.Release|Any CPU.ActiveCfg = Release|Any CPU
		{500BEB42-2D60-414C-90B1-B0F7C2B2CF83}.Release|Any CPU.Build.0 = Release|Any CPU
		{07CE4CDA-7ECD-407C-BF07-39EC2BA8CBA3}.Debug|Any CPU.ActiveCfg = Debug|Any CPU
		{07CE4CDA-7ECD-407C-BF07-39EC2BA8CBA3}.Debug|Any CPU.Build.0 = Debug|Any CPU
		{07CE4CDA-7ECD-407C-BF07-39EC2BA8CBA3}.Release|Any CPU.ActiveCfg = Release|Any CPU
		{07CE4CDA-7ECD-407C-BF07-39EC2BA8CBA3}.Release|Any CPU.Build.0 = Release|Any CPU
		{956A9466-9AB9-4D23-9642-B56B60D8F221}.Debug|Any CPU.ActiveCfg = Debug|Any CPU
		{956A9466-9AB9-4D23-9642-B56B60D8F221}.Debug|Any CPU.Build.0 = Debug|Any CPU
		{956A9466-9AB9-4D23-9642-B56B60D8F221}.Release|Any CPU.ActiveCfg = Release|Any CPU
		{956A9466-9AB9-4D23-9642-B56B60D8F221}.Release|Any CPU.Build.0 = Release|Any CPU
		{65A25277-F883-4C97-926E-AD931A4850F8}.Debug|Any CPU.ActiveCfg = Debug|Any CPU
		{65A25277-F883-4C97-926E-AD931A4850F8}.Debug|Any CPU.Build.0 = Debug|Any CPU
		{65A25277-F883-4C97-926E-AD931A4850F8}.Release|Any CPU.ActiveCfg = Release|Any CPU
		{65A25277-F883-4C97-926E-AD931A4850F8}.Release|Any CPU.Build.0 = Release|Any CPU
	EndGlobalSection
	GlobalSection(SolutionProperties) = preSolution
		HideSolutionNode = FALSE
	EndGlobalSection
	GlobalSection(ExtensibilityGlobals) = postSolution
		SolutionGuid = {D837FA7A-9B7D-4FB3-AB15-3027FD692474}
	EndGlobalSection
EndGlobal
