
Microsoft Visual Studio Solution File, Format Version 12.00
# Visual Studio Version 16
VisualStudioVersion = 16.0.29411.108
MinimumVisualStudioVersion = 10.0.40219.1
Project("{9A19103F-16F7-4668-BE54-9A1E7A4F7556}") = "PimpMyRide.Domain", "PimpMyRide.Domain\PimpMyRide.Domain.csproj", "{B63C9E88-CD88-4363-819A-3381869A2D84}"
EndProject
Global
	GlobalSection(SolutionConfigurationPlatforms) = preSolution
		Debug|Any CPU = Debug|Any CPU
		Release|Any CPU = Release|Any CPU
	EndGlobalSection
	GlobalSection(ProjectConfigurationPlatforms) = postSolution
		{B63C9E88-CD88-4363-819A-3381869A2D84}.Debug|Any CPU.ActiveCfg = Debug|Any CPU
		{B63C9E88-CD88-4363-819A-3381869A2D84}.Debug|Any CPU.Build.0 = Debug|Any CPU
		{B63C9E88-CD88-4363-819A-3381869A2D84}.Release|Any CPU.ActiveCfg = Release|Any CPU
		{B63C9E88-CD88-4363-819A-3381869A2D84}.Release|Any CPU.Build.0 = Release|Any CPU
	EndGlobalSection
	GlobalSection(SolutionProperties) = preSolution
		HideSolutionNode = FALSE
	EndGlobalSection
	GlobalSection(ExtensibilityGlobals) = postSolution
		SolutionGuid = {D837FA7A-9B7D-4FB3-AB15-3027FD692474}
	EndGlobalSection
EndGlobal
